
Microsoft Visual Studio Solution File, Format Version 12.00
Project("{FAE04EC0-301F-11D3-BF4B-00C04F79EFBC}") = "Thanh-Video-Labeler", "Thanh-Video-Labeler\Thanh-Video-Labeler.csproj", "{FE8A6BBF-64CC-4CE4-9CFD-26591A57718F}"
EndProject
Global
	GlobalSection(SolutionConfigurationPlatforms) = preSolution
		Debug|Any CPU = Debug|Any CPU
		Release|Any CPU = Release|Any CPU
	EndGlobalSection
	GlobalSection(ProjectConfigurationPlatforms) = postSolution
		{FE8A6BBF-64CC-4CE4-9CFD-26591A57718F}.Debug|Any CPU.ActiveCfg = Debug|Any CPU
		{FE8A6BBF-64CC-4CE4-9CFD-26591A57718F}.Debug|Any CPU.Build.0 = Debug|Any CPU
		{FE8A6BBF-64CC-4CE4-9CFD-26591A57718F}.Release|Any CPU.ActiveCfg = Release|Any CPU
		{FE8A6BBF-64CC-4CE4-9CFD-26591A57718F}.Release|Any CPU.Build.0 = Release|Any CPU
	EndGlobalSection
EndGlobal
